
Microsoft Visual Studio Solution File, Format Version 12.00
# Visual Studio 15
VisualStudioVersion = 15.0.28307.489
MinimumVisualStudioVersion = 10.0.40219.1
Project("{FAE04EC0-301F-11D3-BF4B-00C04F79EFBC}") = "KvBot.Api", "KvBot.Api\KvBot.Api.csproj", "{A2661AEB-6070-41A0-ABB8-04D84E71F3A3}"
EndProject
Project("{FAE04EC0-301F-11D3-BF4B-00C04F79EFBC}") = "KvBot.DataAccess", "KvBot.DataAccess\KvBot.DataAccess.csproj", "{630545CB-16B6-4A73-B3D9-A0EC509E3B59}"
EndProject
Global
	GlobalSection(SolutionConfigurationPlatforms) = preSolution
		Debug|Any CPU = Debug|Any CPU
		Release|Any CPU = Release|Any CPU
	EndGlobalSection
	GlobalSection(ProjectConfigurationPlatforms) = postSolution
		{A2661AEB-6070-41A0-ABB8-04D84E71F3A3}.Debug|Any CPU.ActiveCfg = Debug|Any CPU
		{A2661AEB-6070-41A0-ABB8-04D84E71F3A3}.Debug|Any CPU.Build.0 = Debug|Any CPU
		{A2661AEB-6070-41A0-ABB8-04D84E71F3A3}.Release|Any CPU.ActiveCfg = Release|Any CPU
		{A2661AEB-6070-41A0-ABB8-04D84E71F3A3}.Release|Any CPU.Build.0 = Release|Any CPU
		{630545CB-16B6-4A73-B3D9-A0EC509E3B59}.Debug|Any CPU.ActiveCfg = Debug|Any CPU
		{630545CB-16B6-4A73-B3D9-A0EC509E3B59}.Debug|Any CPU.Build.0 = Debug|Any CPU
		{630545CB-16B6-4A73-B3D9-A0EC509E3B59}.Release|Any CPU.ActiveCfg = Release|Any CPU
		{630545CB-16B6-4A73-B3D9-A0EC509E3B59}.Release|Any CPU.Build.0 = Release|Any CPU
	EndGlobalSection
	GlobalSection(SolutionProperties) = preSolution
		HideSolutionNode = FALSE
	EndGlobalSection
	GlobalSection(ExtensibilityGlobals) = postSolution
		SolutionGuid = {ABB30ADA-6309-48C8-8C9B-21E750CB020E}
	EndGlobalSection
EndGlobal
